%{"certifi": {:hex, :certifi, "0.4.0"},
  "hackney": {:hex, :hackney, "1.6.0"},
  "httpoison": {:hex, :httpoison, "0.8.3"},
  "idna": {:hex, :idna, "1.2.0"},
  "metrics": {:hex, :metrics, "1.0.1"},
  "mimerl": {:hex, :mimerl, "1.0.2"},
  "poison": {:hex, :poison, "2.1.0"},
  "socket": {:git, "https://github.com/beagleknight/elixir-socket.git", "40f3393b9be885208cb170499b52e5c267156793", [branch: 'connect-custom-headers']},
  "ssl_verify_fun": {:hex, :ssl_verify_fun, "1.1.0"}}
